
Microsoft Visual Studio Solution File, Format Version 12.00
# Visual Studio Version 17
VisualStudioVersion = 17.12.35521.163
MinimumVisualStudioVersion = 10.0.40219.1
Project("{FAE04EC0-301F-11D3-BF4B-00C04F79EFBC}") = "Tools", "Tools\Tools.csproj", "{4CF6588A-1884-4FA5-A8AC-41C5BD429D5F}"
EndProject
Project("{FAE04EC0-301F-11D3-BF4B-00C04F79EFBC}") = "Day01", "Day01\Day01.csproj", "{49D5972E-0309-4CC3-B492-7DC80FA92BAB}"
EndProject
Project("{FAE04EC0-301F-11D3-BF4B-00C04F79EFBC}") = "Day02", "Day02\Day02.csproj", "{C4F661BD-A1F7-4E30-BBC9-1989DA29C2DA}"
EndProject
Project("{FAE04EC0-301F-11D3-BF4B-00C04F79EFBC}") = "Day03", "Day03\Day03.csproj", "{997AE6E9-0070-4783-9E48-93F05E34004E}"
EndProject
Project("{FAE04EC0-301F-11D3-BF4B-00C04F79EFBC}") = "Day04", "Day04\Day04.csproj", "{161AC61A-CDB6-42EF-9897-9B977121521B}"
EndProject
Project("{FAE04EC0-301F-11D3-BF4B-00C04F79EFBC}") = "Day05", "Day05\Day05.csproj", "{9291F11A-9E0F-4CBE-86A1-2E677FA7C960}"
EndProject
Project("{FAE04EC0-301F-11D3-BF4B-00C04F79EFBC}") = "Day06", "Day06\Day06.csproj", "{F823E5F6-CEC0-447B-A013-8DFAA982BE5D}"
EndProject
Project("{FAE04EC0-301F-11D3-BF4B-00C04F79EFBC}") = "Day07", "Day07\Day07.csproj", "{D620F7D5-88B7-42B9-87E2-A640B0AA9FD7}"
EndProject
Global
	GlobalSection(SolutionConfigurationPlatforms) = preSolution
		Debug|Any CPU = Debug|Any CPU
		Release|Any CPU = Release|Any CPU
	EndGlobalSection
	GlobalSection(ProjectConfigurationPlatforms) = postSolution
		{4CF6588A-1884-4FA5-A8AC-41C5BD429D5F}.Debug|Any CPU.ActiveCfg = Debug|Any CPU
		{4CF6588A-1884-4FA5-A8AC-41C5BD429D5F}.Debug|Any CPU.Build.0 = Debug|Any CPU
		{4CF6588A-1884-4FA5-A8AC-41C5BD429D5F}.Release|Any CPU.ActiveCfg = Release|Any CPU
		{4CF6588A-1884-4FA5-A8AC-41C5BD429D5F}.Release|Any CPU.Build.0 = Release|Any CPU
		{49D5972E-0309-4CC3-B492-7DC80FA92BAB}.Debug|Any CPU.ActiveCfg = Debug|Any CPU
		{49D5972E-0309-4CC3-B492-7DC80FA92BAB}.Debug|Any CPU.Build.0 = Debug|Any CPU
		{49D5972E-0309-4CC3-B492-7DC80FA92BAB}.Release|Any CPU.ActiveCfg = Release|Any CPU
		{49D5972E-0309-4CC3-B492-7DC80FA92BAB}.Release|Any CPU.Build.0 = Release|Any CPU
		{C4F661BD-A1F7-4E30-BBC9-1989DA29C2DA}.Debug|Any CPU.ActiveCfg = Debug|Any CPU
		{C4F661BD-A1F7-4E30-BBC9-1989DA29C2DA}.Debug|Any CPU.Build.0 = Debug|Any CPU
		{C4F661BD-A1F7-4E30-BBC9-1989DA29C2DA}.Release|Any CPU.ActiveCfg = Release|Any CPU
		{C4F661BD-A1F7-4E30-BBC9-1989DA29C2DA}.Release|Any CPU.Build.0 = Release|Any CPU
		{997AE6E9-0070-4783-9E48-93F05E34004E}.Debug|Any CPU.ActiveCfg = Debug|Any CPU
		{997AE6E9-0070-4783-9E48-93F05E34004E}.Debug|Any CPU.Build.0 = Debug|Any CPU
		{997AE6E9-0070-4783-9E48-93F05E34004E}.Release|Any CPU.ActiveCfg = Release|Any CPU
		{997AE6E9-0070-4783-9E48-93F05E34004E}.Release|Any CPU.Build.0 = Release|Any CPU
		{161AC61A-CDB6-42EF-9897-9B977121521B}.Debug|Any CPU.ActiveCfg = Debug|Any CPU
		{161AC61A-CDB6-42EF-9897-9B977121521B}.Debug|Any CPU.Build.0 = Debug|Any CPU
		{161AC61A-CDB6-42EF-9897-9B977121521B}.Release|Any CPU.ActiveCfg = Release|Any CPU
		{161AC61A-CDB6-42EF-9897-9B977121521B}.Release|Any CPU.Build.0 = Release|Any CPU
		{9291F11A-9E0F-4CBE-86A1-2E677FA7C960}.Debug|Any CPU.ActiveCfg = Debug|Any CPU
		{9291F11A-9E0F-4CBE-86A1-2E677FA7C960}.Debug|Any CPU.Build.0 = Debug|Any CPU
		{9291F11A-9E0F-4CBE-86A1-2E677FA7C960}.Release|Any CPU.ActiveCfg = Release|Any CPU
		{9291F11A-9E0F-4CBE-86A1-2E677FA7C960}.Release|Any CPU.Build.0 = Release|Any CPU
		{F823E5F6-CEC0-447B-A013-8DFAA982BE5D}.Debug|Any CPU.ActiveCfg = Debug|Any CPU
		{F823E5F6-CEC0-447B-A013-8DFAA982BE5D}.Debug|Any CPU.Build.0 = Debug|Any CPU
		{F823E5F6-CEC0-447B-A013-8DFAA982BE5D}.Release|Any CPU.ActiveCfg = Release|Any CPU
		{F823E5F6-CEC0-447B-A013-8DFAA982BE5D}.Release|Any CPU.Build.0 = Release|Any CPU
		{D620F7D5-88B7-42B9-87E2-A640B0AA9FD7}.Debug|Any CPU.ActiveCfg = Debug|Any CPU
		{D620F7D5-88B7-42B9-87E2-A640B0AA9FD7}.Debug|Any CPU.Build.0 = Debug|Any CPU
		{D620F7D5-88B7-42B9-87E2-A640B0AA9FD7}.Release|Any CPU.ActiveCfg = Release|Any CPU
		{D620F7D5-88B7-42B9-87E2-A640B0AA9FD7}.Release|Any CPU.Build.0 = Release|Any CPU
	EndGlobalSection
	GlobalSection(SolutionProperties) = preSolution
		HideSolutionNode = FALSE
	EndGlobalSection
EndGlobal
